
Microsoft Visual Studio Solution File, Format Version 12.00
# Visual Studio Version 16
VisualStudioVersion = 16.0.30503.244
MinimumVisualStudioVersion = 10.0.40219.1
Project("{FAE04EC0-301F-11D3-BF4B-00C04F79EFBC}") = "Project_ekzam", "Project_ekzam.csproj", "{FBFDF22D-302C-4F9A-9634-5A1AA57FDCA0}"
EndProject
Global
	GlobalSection(SolutionConfigurationPlatforms) = preSolution
		Debug|Any CPU = Debug|Any CPU
		Release|Any CPU = Release|Any CPU
	EndGlobalSection
	GlobalSection(ProjectConfigurationPlatforms) = postSolution
		{FBFDF22D-302C-4F9A-9634-5A1AA57FDCA0}.Debug|Any CPU.ActiveCfg = Debug|Any CPU
		{FBFDF22D-302C-4F9A-9634-5A1AA57FDCA0}.Debug|Any CPU.Build.0 = Debug|Any CPU
		{FBFDF22D-302C-4F9A-9634-5A1AA57FDCA0}.Release|Any CPU.ActiveCfg = Release|Any CPU
		{FBFDF22D-302C-4F9A-9634-5A1AA57FDCA0}.Release|Any CPU.Build.0 = Release|Any CPU
	EndGlobalSection
	GlobalSection(SolutionProperties) = preSolution
		HideSolutionNode = FALSE
	EndGlobalSection
	GlobalSection(ExtensibilityGlobals) = postSolution
		SolutionGuid = {B1E9E1B4-A615-4E34-A005-805F2811D2BD}
	EndGlobalSection
EndGlobal
